{
    "name": "node-red-project",
    "version": "0.0.1",
    "lockfileVersion": 1,
    "requires": true,
    "dependencies": {
        "axios": {
            "version": "0.15.3",
            "resolved": "https://registry.npmjs.org/axios/-/axios-0.15.3.tgz",
            "integrity": "sha1-LJ1jiy4ZGgjqHWzJiOrda6W9wFM=",
            "requires": {
                "follow-redirects": "1.0.0"
            }
        },
        "balanced-match": {
            "version": "1.0.0",
            "resolved": "https://registry.npmjs.org/balanced-match/-/balanced-match-1.0.0.tgz",
            "integrity": "sha1-ibTRmasr7kneFk6gK4nORi1xt2c="
        },
        "base-64": {
            "version": "0.1.0",
            "resolved": "https://registry.npmjs.org/base-64/-/base-64-0.1.0.tgz",
            "integrity": "sha1-eAqZyE59YAJgNhURxId2E78k9rs="
        },
        "brace-expansion": {
            "version": "1.1.8",
            "resolved": "https://registry.npmjs.org/brace-expansion/-/brace-expansion-1.1.8.tgz",
            "integrity": "sha1-wHshHHyVLsH479Uad+8NHTmQopI=",
            "requires": {
                "balanced-match": "1.0.0",
                "concat-map": "0.0.1"
            }
        },
        "concat-map": {
            "version": "0.0.1",
            "resolved": "https://registry.npmjs.org/concat-map/-/concat-map-0.0.1.tgz",
            "integrity": "sha1-2Klr13/Wjfd5OnMDajug1UBdR3s="
        },
        "core-util-is": {
            "version": "1.0.2",
            "resolved": "https://registry.npmjs.org/core-util-is/-/core-util-is-1.0.2.tgz",
            "integrity": "sha1-tf1UIgqivFq1eqtxQMlAdUUDwac="
        },
        "date-fns": {
            "version": "1.29.0",
            "resolved": "https://registry.npmjs.org/date-fns/-/date-fns-1.29.0.tgz",
            "integrity": "sha512-lbTXWZ6M20cWH8N9S6afb0SBm6tMk+uUg6z3MqHPKE9atmsY3kJkTm8vKe93izJ2B2+q5MV990sM2CHgtAZaOw=="
        },
        "debug": {
            "version": "2.6.9",
            "resolved": "https://registry.npmjs.org/debug/-/debug-2.6.9.tgz",
            "integrity": "sha512-bC7ElrdJaJnPbAP+1EotYvqZsb3ecl5wi6Bfi6BJTUcNowp6cvspg0jXznRTKDjm/E7AdgFBVeAPVMNcKGsHMA==",
            "requires": {
                "ms": "2.0.0"
            }
        },
        "es6-promise": {
            "version": "3.3.1",
            "resolved": "https://registry.npmjs.org/es6-promise/-/es6-promise-3.3.1.tgz",
            "integrity": "sha1-oIzd6EzNvzTQJ6FFG8kdS80ophM="
        },
        "eventsource": {
            "version": "0.2.3",
            "resolved": "https://registry.npmjs.org/eventsource/-/eventsource-0.2.3.tgz",
            "integrity": "sha1-MLjyG0DYaWjq7r0ZmpUHLuVLDfM=",
            "requires": {
                "original": "1.0.0"
            }
        },
        "follow-redirects": {
            "version": "1.0.0",
            "resolved": "https://registry.npmjs.org/follow-redirects/-/follow-redirects-1.0.0.tgz",
            "integrity": "sha1-jjQpjL0uF28lTv/sdaHHjMhJ/Tc=",
            "requires": {
                "debug": "2.6.9"
            }
        },
        "github-api": {
            "version": "0.11.2",
            "resolved": "https://registry.npmjs.org/github-api/-/github-api-0.11.2.tgz",
            "integrity": "sha1-hR8JJyglGWU8DPHvsnhG7PogK1g=",
            "requires": {
                "axios": "git+https://github.com/github-tools/axios.git#65e8691b48e10a11a064f0e027dd3d7e0b97609c",
                "base-64": "0.1.0",
                "es6-promise": "3.3.1",
                "utf8": "2.1.2"
            },
            "dependencies": {
                "axios": {
                    "version": "git+https://github.com/github-tools/axios.git#65e8691b48e10a11a064f0e027dd3d7e0b97609c",
                    "requires": {
                        "follow-redirects": "0.0.7"
                    }
                },
                "follow-redirects": {
                    "version": "0.0.7",
                    "resolved": "https://registry.npmjs.org/follow-redirects/-/follow-redirects-0.0.7.tgz",
                    "integrity": "sha1-NLkLqyqRGqNHVx2pDyK9NuzYqRk=",
                    "requires": {
                        "debug": "2.6.9",
                        "stream-consume": "0.1.0"
                    }
                }
            }
        },
        "graceful-fs": {
            "version": "4.1.11",
            "resolved": "https://registry.npmjs.org/graceful-fs/-/graceful-fs-4.1.11.tgz",
            "integrity": "sha1-Dovf5NHduIVNZOBOp8AOKgJuVlg="
        },
        "inherits": {
            "version": "2.0.3",
            "resolved": "https://registry.npmjs.org/inherits/-/inherits-2.0.3.tgz",
            "integrity": "sha1-Yzwsg+PaQqUC9SRmAiSA9CCCYd4="
        },
        "is-string": {
            "version": "1.0.4",
            "resolved": "https://registry.npmjs.org/is-string/-/is-string-1.0.4.tgz",
            "integrity": "sha1-zDqbaYV9Yh6WNyWiTK7shzuCbmQ="
        },
        "isarray": {
            "version": "1.0.0",
            "resolved": "https://registry.npmjs.org/isarray/-/isarray-1.0.0.tgz",
            "integrity": "sha1-u5NdSFgsuhaMBoNJV6VKPgcSTxE="
        },
        "minimatch": {
            "version": "3.0.4",
            "resolved": "https://registry.npmjs.org/minimatch/-/minimatch-3.0.4.tgz",
            "integrity": "sha512-yJHVQEhyqPLUTgt9B83PXu6W3rx4MvvHvSUvToogpwoGDOUQ+yDrR0HRot+yOCdCO7u4hX3pWft6kWBBcqh0UA==",
            "requires": {
                "brace-expansion": "1.1.8"
            }
        },
        "moment": {
            "version": "2.20.1",
            "resolved": "https://registry.npmjs.org/moment/-/moment-2.20.1.tgz",
            "integrity": "sha512-Yh9y73JRljxW5QxN08Fner68eFLxM5ynNOAw2LbIB1YAGeQzZT8QFSUvkAz609Zf+IHhhaUxqZK8dG3W/+HEvg=="
        },
        "ms": {
            "version": "2.0.0",
            "resolved": "https://registry.npmjs.org/ms/-/ms-2.0.0.tgz",
            "integrity": "sha1-VgiurfwAvmwpAd9fmGF4jeDVl8g="
        },
        "node-home-assistant": {
            "version": "0.1.0",
            "resolved": "https://registry.npmjs.org/node-home-assistant/-/node-home-assistant-0.1.0.tgz",
            "integrity": "sha512-jo7RSX02iQR8E5GTzf9jPv9vV2nTJVgowKJ/4+Tx1fQ+lYEbotHLYeaSASQMAIAYpjhB73t1IlRUT4kbnrg7TQ==",
            "requires": {
                "axios": "0.15.3",
                "debug": "2.6.9",
                "eventsource": "0.2.3"
            }
        },
        "node-red-contrib-bigtimer": {
            "version": "1.8.0",
            "resolved": "https://registry.npmjs.org/node-red-contrib-bigtimer/-/node-red-contrib-bigtimer-1.8.0.tgz",
            "integrity": "sha1-h7QRyZe0a/2gLdfWiw2SzWD51Aw=",
            "requires": {
                "suncalc": "1.8.0"
            }
        },
        "node-red-contrib-fs": {
            "version": "1.0.1",
            "resolved": "https://registry.npmjs.org/node-red-contrib-fs/-/node-red-contrib-fs-1.0.1.tgz",
            "integrity": "sha1-aibgmauXb6gw2VDCRKI+FGZopmE=",
            "requires": {
                "readdirp": "2.1.0"
            }
        },
        "node-red-contrib-github": {
            "version": "0.1.5",
            "resolved": "https://registry.npmjs.org/node-red-contrib-github/-/node-red-contrib-github-0.1.5.tgz",
            "integrity": "sha1-dsrJmFNia3Lwl28paFWW97BgoHc=",
            "requires": {
                "github-api": "0.11.2"
            }
        },
        "node-red-contrib-home-assistant": {
            "version": "0.2.1",
            "resolved": "https://registry.npmjs.org/node-red-contrib-home-assistant/-/node-red-contrib-home-assistant-0.2.1.tgz",
            "integrity": "sha512-Tn9Kh1TkwRTlGLil5CPBx7VIMrOdXoAFsUG90lZtgIgnOuTX7K5TjNRkT9VSisZ7wVsqHpru/u6bFkxioInC3A==",
            "requires": {
                "date-fns": "1.29.0",
                "debug": "2.6.9",
                "is-string": "1.0.4",
                "node-home-assistant": "0.1.0"
            }
        },
        "node-red-contrib-repeat": {
            "version": "0.0.27",
            "resolved": "https://registry.npmjs.org/node-red-contrib-repeat/-/node-red-contrib-repeat-0.0.27.tgz",
            "integrity": "sha1-jPl4cB/qiqXbvs2KAqBLe6RtHlM="
        },
        "node-red-contrib-stoptimer": {
            "version": "0.0.7",
            "resolved": "https://registry.npmjs.org/node-red-contrib-stoptimer/-/node-red-contrib-stoptimer-0.0.7.tgz",
            "integrity": "sha1-dkBOyj+RJMvd6Aao1A45jYfH4g8="
        },
        "node-red-contrib-throttle": {
            "version": "0.1.6",
            "resolved": "https://registry.npmjs.org/node-red-contrib-throttle/-/node-red-contrib-throttle-0.1.6.tgz",
            "integrity": "sha1-jo/gxEYJViMqkK5y3jy5xCG6hmk="
        },
        "node-red-contrib-time-range-switch": {
            "version": "0.5.1",
            "resolved": "https://registry.npmjs.org/node-red-contrib-time-range-switch/-/node-red-contrib-time-range-switch-0.5.1.tgz",
            "integrity": "sha1-KP2wQZGvQeQkinOgIiNhJ9B/fyQ=",
            "requires": {
                "moment": "2.20.1",
                "suncalc": "1.8.0",
                "twix": "0.9.0"
            }
        },
        "node-red-contrib-traffic": {
            "version": "0.2.1",
            "resolved": "https://registry.npmjs.org/node-red-contrib-traffic/-/node-red-contrib-traffic-0.2.1.tgz",
            "integrity": "sha1-N9mp/IUq9UE9DqCTzEa7moIl5+4="
        },
        "original": {
            "version": "1.0.0",
            "resolved": "https://registry.npmjs.org/original/-/original-1.0.0.tgz",
            "integrity": "sha1-kUf5P6FpbQS+YeAb1QuurKZWvTs=",
            "requires": {
                "url-parse": "1.0.5"
            }
        },
        "process-nextick-args": {
            "version": "1.0.7",
            "resolved": "https://registry.npmjs.org/process-nextick-args/-/process-nextick-args-1.0.7.tgz",
            "integrity": "sha1-FQ4gt1ZZCtP5EJPyWk8q2L/zC6M="
        },
        "querystringify": {
            "version": "0.0.4",
            "resolved": "https://registry.npmjs.org/querystringify/-/querystringify-0.0.4.tgz",
            "integrity": "sha1-DPf4T5Rj/wrlHExLFC2VvjdyTZw="
        },
        "readable-stream": {
            "version": "2.3.3",
            "resolved": "https://registry.npmjs.org/readable-stream/-/readable-stream-2.3.3.tgz",
            "integrity": "sha512-m+qzzcn7KUxEmd1gMbchF+Y2eIUbieUaxkWtptyHywrX0rE8QEYqPC07Vuy4Wm32/xE16NcdBctb8S0Xe/5IeQ==",
            "requires": {
                "core-util-is": "1.0.2",
                "inherits": "2.0.3",
                "isarray": "1.0.0",
                "process-nextick-args": "1.0.7",
                "safe-buffer": "5.1.1",
                "string_decoder": "1.0.3",
                "util-deprecate": "1.0.2"
            }
        },
        "readdirp": {
            "version": "2.1.0",
            "resolved": "https://registry.npmjs.org/readdirp/-/readdirp-2.1.0.tgz",
            "integrity": "sha1-TtCtBg3zBzMAxIRANz9y0cxkLXg=",
            "requires": {
                "graceful-fs": "4.1.11",
                "minimatch": "3.0.4",
                "readable-stream": "2.3.3",
                "set-immediate-shim": "1.0.1"
            }
        },
        "requires-port": {
            "version": "1.0.0",
            "resolved": "https://registry.npmjs.org/requires-port/-/requires-port-1.0.0.tgz",
            "integrity": "sha1-kl0mAdOaxIXgkc8NpcbmlNw9yv8="
        },
        "safe-buffer": {
            "version": "5.1.1",
            "resolved": "https://registry.npmjs.org/safe-buffer/-/safe-buffer-5.1.1.tgz",
            "integrity": "sha512-kKvNJn6Mm93gAczWVJg7wH+wGYWNrDHdWvpUmHyEsgCtIwwo3bqPtV4tR5tuPaUhTOo/kvhVwd8XwwOllGYkbg=="
        },
        "set-immediate-shim": {
            "version": "1.0.1",
            "resolved": "https://registry.npmjs.org/set-immediate-shim/-/set-immediate-shim-1.0.1.tgz",
            "integrity": "sha1-SysbJ+uAip+NzEgaWOXlb1mfP2E="
        },
        "stream-consume": {
            "version": "0.1.0",
            "resolved": "https://registry.npmjs.org/stream-consume/-/stream-consume-0.1.0.tgz",
            "integrity": "sha1-pB6tGm1ggc63n2WwYZAbbY89HQ8="
        },
        "string_decoder": {
            "version": "1.0.3",
            "resolved": "https://registry.npmjs.org/string_decoder/-/string_decoder-1.0.3.tgz",
            "integrity": "sha512-4AH6Z5fzNNBcH+6XDMfA/BTt87skxqJlO0lAh3Dker5zThcAxG6mKz+iGu308UKoPPQ8Dcqx/4JhujzltRa+hQ==",
            "requires": {
                "safe-buffer": "5.1.1"
            }
        },
        "suncalc": {
            "version": "1.8.0",
            "resolved": "https://registry.npmjs.org/suncalc/-/suncalc-1.8.0.tgz",
            "integrity": "sha1-HZiYEJVjB4dQ9JlKlZ5lTYdqy/U="
        },
        "twix": {
            "version": "0.9.0",
            "resolved": "https://registry.npmjs.org/twix/-/twix-0.9.0.tgz",
            "integrity": "sha1-qwrNmDRTQnHGzjgYdsKVl+fqMjY="
        },
        "url-parse": {
            "version": "1.0.5",
            "resolved": "https://registry.npmjs.org/url-parse/-/url-parse-1.0.5.tgz",
            "integrity": "sha1-CFSGBCKv3P7+tsllxmLUgAFpkns=",
            "requires": {
                "querystringify": "0.0.4",
                "requires-port": "1.0.0"
            }
        },
        "utf8": {
            "version": "2.1.2",
            "resolved": "https://registry.npmjs.org/utf8/-/utf8-2.1.2.tgz",
            "integrity": "sha1-H6DZJw6b6FDZsFAn9jUZv0ZFfZY="
        },
        "util-deprecate": {
            "version": "1.0.2",
            "resolved": "https://registry.npmjs.org/util-deprecate/-/util-deprecate-1.0.2.tgz",
            "integrity": "sha1-RQ1Nyfpw3nMnYvvS1KKJgUGaDM8="
        }
    }
}
